<?xml version="1.0" encoding="utf-8"?>
<Project ToolsVersion="4.0" xmlns="http://schemas.microsoft.com/developer/msbuild/2003">
  <ItemGroup>
    <Filter Include="소스 파일">
      <UniqueIdentifier>{4FC737F1-C7A5-4376-A066-2A32D752A2FF}</UniqueIdentifier>
      <Extensions>cpp;c;cc;cxx;def;odl;idl;hpj;bat;asm;asmx</Extensions>
    </Filter>
    <Filter Include="리소스 파일">
      <UniqueIdentifier>{67DA6AB6-F800-4c08-8B7A-83BB121AAD01}</UniqueIdentifier>
      <Extensions>rc;ico;cur;bmp;dlg;rc2;rct;bin;rgs;gif;jpg;jpeg;jpe;resx;tiff;tif;png;wav;mfcribbon-ms</Extensions>
    </Filter>
    <Filter Include="헤더 파일">
      <UniqueIdentifier>{93995380-89BD-4b04-88EB-625FBE52EBFB}</UniqueIdentifier>
      <Extensions>h;hh;hpp;hxx;hm;inl;inc;xsd</Extensions>
    </Filter>
  </ItemGroup>
  <ItemGroup>
    <Text Include="input.txt">
      <Filter>리소스 파일</Filter>
    </Text>
  </ItemGroup>
  <ItemGroup>
    <ClCompile Include="11729하노이탑.cpp">
      <Filter>소스 파일</Filter>
    </ClCompile>
    <ClCompile Include="스택.cpp">
      <Filter>소스 파일</Filter>
    </ClCompile>
    <ClCompile Include="링크드리스트.cpp">
      <Filter>소스 파일</Filter>
    </ClCompile>
    <ClCompile Include="IUPC_B.cpp">
      <Filter>소스 파일</Filter>
    </ClCompile>
    <ClCompile Include="IUPC_J.cpp">
      <Filter>소스 파일</Filter>
    </ClCompile>
    <ClCompile Include="IUPC_L.cpp">
      <Filter>소스 파일</Filter>
    </ClCompile>
    <ClCompile Include="IUPC_E.cpp">
      <Filter>소스 파일</Filter>
    </ClCompile>
    <ClCompile Include="IUPC_K.cpp">
      <Filter>소스 파일</Filter>
    </ClCompile>
    <ClCompile Include="IUPC_C.cpp">
      <Filter>소스 파일</Filter>
    </ClCompile>
    <ClCompile Include="IUPC_A.cpp">
      <Filter>소스 파일</Filter>
    </ClCompile>
    <ClCompile Include="F.cpp">
      <Filter>소스 파일</Filter>
    </ClCompile>
    <ClCompile Include="E.cpp">
      <Filter>소스 파일</Filter>
    </ClCompile>
    <ClCompile Include="C.cpp">
      <Filter>소스 파일</Filter>
    </ClCompile>
    <ClCompile Include="B.cpp">
      <Filter>소스 파일</Filter>
    </ClCompile>
    <ClCompile Include="A.cpp">
      <Filter>소스 파일</Filter>
    </ClCompile>
    <ClCompile Include="4963.cpp">
      <Filter>소스 파일</Filter>
    </ClCompile>
    <ClCompile Include="4564.cpp">
      <Filter>소스 파일</Filter>
    </ClCompile>
    <ClCompile Include="3040.cpp">
      <Filter>소스 파일</Filter>
    </ClCompile>
    <ClCompile Include="5988.cpp">
      <Filter>소스 파일</Filter>
    </ClCompile>
    <ClCompile Include="10823.cpp">
      <Filter>소스 파일</Filter>
    </ClCompile>
    <ClCompile Include="3060.cpp">
      <Filter>소스 파일</Filter>
    </ClCompile>
    <ClCompile Include="1764.cpp">
      <Filter>소스 파일</Filter>
    </ClCompile>
    <ClCompile Include="2846.cpp">
      <Filter>소스 파일</Filter>
    </ClCompile>
    <ClCompile Include="4597.cpp">
      <Filter>소스 파일</Filter>
    </ClCompile>
    <ClCompile Include="11652카드.cpp">
      <Filter>소스 파일</Filter>
    </ClCompile>
    <ClCompile Include="10867중복빼고정렬.cpp">
      <Filter>소스 파일</Filter>
    </ClCompile>
    <ClCompile Include="11723집합.cpp">
      <Filter>소스 파일</Filter>
    </ClCompile>
    <ClCompile Include="10828.cpp">
      <Filter>소스 파일</Filter>
    </ClCompile>
    <ClCompile Include="9012.cpp">
      <Filter>소스 파일</Filter>
    </ClCompile>
    <ClCompile Include="aaa.cpp">
      <Filter>소스 파일</Filter>
    </ClCompile>
    <ClCompile Include="asd.cpp">
      <Filter>소스 파일</Filter>
    </ClCompile>
    <ClCompile Include="소스2.cpp">
      <Filter>소스 파일</Filter>
    </ClCompile>
    <ClCompile Include="소스3.cpp">
      <Filter>소스 파일</Filter>
    </ClCompile>
    <ClCompile Include="소스1.cpp">
      <Filter>소스 파일</Filter>
    </ClCompile>
    <ClCompile Include="2839.cpp">
      <Filter>소스 파일</Filter>
    </ClCompile>
    <ClCompile Include="3449.cpp">
      <Filter>소스 파일</Filter>
    </ClCompile>
    <ClCompile Include="1213ing.cpp">
      <Filter>소스 파일</Filter>
    </ClCompile>
    <ClCompile Include="9095.cpp">
      <Filter>소스 파일</Filter>
    </ClCompile>
    <ClCompile Include="1759.cpp">
      <Filter>소스 파일</Filter>
    </ClCompile>
    <ClCompile Include="10448.cpp">
      <Filter>소스 파일</Filter>
    </ClCompile>
    <ClCompile Include="2309.cpp">
      <Filter>소스 파일</Filter>
    </ClCompile>
    <ClCompile Include="소풍.cpp">
      <Filter>소스 파일</Filter>
    </ClCompile>
    <ClCompile Include="11726.cpp">
      <Filter>소스 파일</Filter>
    </ClCompile>
    <ClCompile Include="1932.cpp">
      <Filter>소스 파일</Filter>
    </ClCompile>
    <ClCompile Include="9461.cpp">
      <Filter>소스 파일</Filter>
    </ClCompile>
    <ClCompile Include="2096.cpp">
      <Filter>소스 파일</Filter>
    </ClCompile>
    <ClCompile Include="9461(재귀).cpp">
      <Filter>소스 파일</Filter>
    </ClCompile>
    <ClCompile Include="11053.cpp">
      <Filter>소스 파일</Filter>
    </ClCompile>
    <ClCompile Include="9251.cpp">
      <Filter>소스 파일</Filter>
    </ClCompile>
    <ClCompile Include="와일드카드.cpp">
      <Filter>소스 파일</Filter>
    </ClCompile>
    <ClCompile Include="wildcard.cpp">
      <Filter>소스 파일</Filter>
    </ClCompile>
    <ClCompile Include="11055.cpp">
      <Filter>소스 파일</Filter>
    </ClCompile>
    <ClCompile Include="11054ing.cpp">
      <Filter>소스 파일</Filter>
    </ClCompile>
    <ClCompile Include="JLIS.cpp">
      <Filter>소스 파일</Filter>
    </ClCompile>
    <ClCompile Include="1309동물원.cpp">
      <Filter>소스 파일</Filter>
    </ClCompile>
    <ClCompile Include="1965상자넣기.cpp">
      <Filter>소스 파일</Filter>
    </ClCompile>
    <ClCompile Include="1520내리막길.cpp">
      <Filter>소스 파일</Filter>
    </ClCompile>
    <ClCompile Include="2169로봇조종하기.cpp">
      <Filter>소스 파일</Filter>
    </ClCompile>
    <ClCompile Include="2631줄세우기.cpp">
      <Filter>소스 파일</Filter>
    </ClCompile>
    <ClCompile Include="2294동전2.cpp">
      <Filter>소스 파일</Filter>
    </ClCompile>
    <ClCompile Include="2293동전1.cpp">
      <Filter>소스 파일</Filter>
    </ClCompile>
    <ClCompile Include="2225합분해.cpp">
      <Filter>소스 파일</Filter>
    </ClCompile>
    <ClCompile Include="2624동전바꿔주기.cpp">
      <Filter>소스 파일</Filter>
    </ClCompile>
    <ClCompile Include="2240자두나무.cpp">
      <Filter>소스 파일</Filter>
    </ClCompile>
    <ClCompile Include="1417국회의원선거.cpp">
      <Filter>소스 파일</Filter>
    </ClCompile>
    <ClCompile Include="2804크로스워드만들기.cpp">
      <Filter>소스 파일</Filter>
    </ClCompile>
    <ClCompile Include="11052붕어빵판매하기.cpp">
      <Filter>소스 파일</Filter>
    </ClCompile>
    <ClCompile Include="2352반도체설계.cpp">
      <Filter>소스 파일</Filter>
    </ClCompile>
    <ClCompile Include="1946신입사원.cpp">
      <Filter>소스 파일</Filter>
    </ClCompile>
    <ClCompile Include="10610 30.cpp">
      <Filter>소스 파일</Filter>
    </ClCompile>
    <ClCompile Include="1202보석도둑.cpp">
      <Filter>소스 파일</Filter>
    </ClCompile>
    <ClCompile Include="1991트리순회.cpp">
      <Filter>소스 파일</Filter>
    </ClCompile>
    <ClCompile Include="1260DFS와BFS.cpp">
      <Filter>소스 파일</Filter>
    </ClCompile>
    <ClCompile Include="2263트리의순회.cpp">
      <Filter>소스 파일</Filter>
    </ClCompile>
    <ClCompile Include="2178미로탐색.cpp">
      <Filter>소스 파일</Filter>
    </ClCompile>
    <ClCompile Include="9327상근이의여행.cpp">
      <Filter>소스 파일</Filter>
    </ClCompile>
    <ClCompile Include="12784인하니카공화국.cpp">
      <Filter>소스 파일</Filter>
    </ClCompile>
    <ClCompile Include="2468안전영역.cpp">
      <Filter>소스 파일</Filter>
    </ClCompile>
    <ClCompile Include="2589보물섬.cpp">
      <Filter>소스 파일</Filter>
    </ClCompile>
    <ClCompile Include="2573빙산.cpp">
      <Filter>소스 파일</Filter>
    </ClCompile>
    <ClCompile Include="1697숨바꼭질.cpp">
      <Filter>소스 파일</Filter>
    </ClCompile>
    <ClCompile Include="2667단지번호붙이기.cpp">
      <Filter>소스 파일</Filter>
    </ClCompile>
    <ClCompile Include="7576토마토.cpp">
      <Filter>소스 파일</Filter>
    </ClCompile>
    <ClCompile Include="2259두더지잡기.cpp">
      <Filter>소스 파일</Filter>
    </ClCompile>
    <ClCompile Include="5909BaleShare.cpp">
      <Filter>소스 파일</Filter>
    </ClCompile>
    <ClCompile Include="2248이진수찾기.cpp">
      <Filter>소스 파일</Filter>
    </ClCompile>
    <ClCompile Include="1010다리놓기.cpp">
      <Filter>소스 파일</Filter>
    </ClCompile>
    <ClCompile Include="2172팰린드롬경로.cpp">
      <Filter>소스 파일</Filter>
    </ClCompile>
    <ClCompile Include="2638치즈.cpp">
      <Filter>소스 파일</Filter>
    </ClCompile>
    <ClCompile Include="2644촌수계산.cpp">
      <Filter>소스 파일</Filter>
    </ClCompile>
    <ClCompile Include="2357최소값과최대값.cpp">
      <Filter>소스 파일</Filter>
    </ClCompile>
    <ClCompile Include="2042구간합.cpp">
      <Filter>소스 파일</Filter>
    </ClCompile>
    <ClCompile Include="2231분해합.cpp">
      <Filter>소스 파일</Filter>
    </ClCompile>
    <ClCompile Include="2150SCC.cpp">
      <Filter>소스 파일</Filter>
    </ClCompile>
    <ClCompile Include="11437LCA.cpp">
      <Filter>소스 파일</Filter>
    </ClCompile>
    <ClCompile Include="1275커피숍2.cpp">
      <Filter>소스 파일</Filter>
    </ClCompile>
    <ClCompile Include="11277_2-SAT.cpp">
      <Filter>소스 파일</Filter>
    </ClCompile>
    <ClCompile Include="11278_2-SAT2.cpp">
      <Filter>소스 파일</Filter>
    </ClCompile>
    <ClCompile Include="10942팰린드롬.cpp">
      <Filter>소스 파일</Filter>
    </ClCompile>
    <ClCompile Include="1726로봇.cpp">
      <Filter>소스 파일</Filter>
    </ClCompile>
    <ClCompile Include="1717집합의표현.cpp">
      <Filter>소스 파일</Filter>
    </ClCompile>
    <ClCompile Include="더블링크드리스트.cpp">
      <Filter>소스 파일</Filter>
    </ClCompile>
    <ClCompile Include="3020개똥벌레.cpp">
      <Filter>소스 파일</Filter>
    </ClCompile>
    <ClCompile Include="3006터보소트.cpp">
      <Filter>소스 파일</Filter>
    </ClCompile>
    <ClCompile Include="1연습.cpp">
      <Filter>소스 파일</Filter>
    </ClCompile>
    <ClCompile Include="2336굉장한학생.cpp">
      <Filter>소스 파일</Filter>
    </ClCompile>
    <ClCompile Include="12844XOR.cpp">
      <Filter>소스 파일</Filter>
    </ClCompile>
    <ClCompile Include="1395스위치.cpp">
      <Filter>소스 파일</Filter>
    </ClCompile>
    <ClCompile Include="1182부분집합의합.cpp">
      <Filter>소스 파일</Filter>
    </ClCompile>
    <ClCompile Include="11062카드게임.cpp">
      <Filter>소스 파일</Filter>
    </ClCompile>
    <ClCompile Include="10250ACM호텔.cpp">
      <Filter>소스 파일</Filter>
    </ClCompile>
    <ClCompile Include="다익스트라.cpp">
      <Filter>소스 파일</Filter>
    </ClCompile>
    <ClCompile Include="11504돌림판.cpp">
      <Filter>소스 파일</Filter>
    </ClCompile>
    <ClCompile Include="1708볼록껍질.cpp">
      <Filter>소스 파일</Filter>
    </ClCompile>
    <ClCompile Include="1463일로만들기.cpp">
      <Filter>소스 파일</Filter>
    </ClCompile>
    <ClCompile Include="2666벽장문의이동.cpp">
      <Filter>소스 파일</Filter>
    </ClCompile>
    <ClCompile Include="1003피보나치함수.cpp">
      <Filter>소스 파일</Filter>
    </ClCompile>
    <ClCompile Include="2167이차원배열의합.cpp">
      <Filter>소스 파일</Filter>
    </ClCompile>
    <ClCompile Include="2579계단오르기.cpp">
      <Filter>소스 파일</Filter>
    </ClCompile>
    <ClCompile Include="2156포도주시식.cpp">
      <Filter>소스 파일</Filter>
    </ClCompile>
    <ClCompile Include="1874스택수열.cpp">
      <Filter>소스 파일</Filter>
    </ClCompile>
    <ClCompile Include="9465스티커.cpp">
      <Filter>소스 파일</Filter>
    </ClCompile>
    <ClCompile Include="1660캡틴이다솜.cpp">
      <Filter>소스 파일</Filter>
    </ClCompile>
    <ClCompile Include="1477휴게소세우기.cpp">
      <Filter>소스 파일</Filter>
    </ClCompile>
    <ClCompile Include="10978기숙사재배정.cpp">
      <Filter>소스 파일</Filter>
    </ClCompile>
    <ClCompile Include="1149RGB거리.cpp">
      <Filter>소스 파일</Filter>
    </ClCompile>
    <ClCompile Include="1922네트워크연결.cpp">
      <Filter>소스 파일</Filter>
    </ClCompile>
    <ClCompile Include="1185유럽여행.cpp">
      <Filter>소스 파일</Filter>
    </ClCompile>
    <ClCompile Include="코드몬스터2번.cpp">
      <Filter>소스 파일</Filter>
    </ClCompile>
    <ClCompile Include="코드몬스터1번.cpp">
      <Filter>소스 파일</Filter>
    </ClCompile>
    <ClCompile Include="11403경로찾기.cpp">
      <Filter>소스 파일</Filter>
    </ClCompile>
    <ClCompile Include="1786찾기.cpp">
      <Filter>소스 파일</Filter>
    </ClCompile>
    <ClCompile Include="1701Cubeditor.cpp">
      <Filter>소스 파일</Filter>
    </ClCompile>
    <ClCompile Include="6135CowHurdles.cpp">
      <Filter>소스 파일</Filter>
    </ClCompile>
    <ClCompile Include="1012유기농배추.cpp">
      <Filter>소스 파일</Filter>
    </ClCompile>
    <ClCompile Include="6086최대유량.cpp">
      <Filter>소스 파일</Filter>
    </ClCompile>
    <ClCompile Include="2841외계인의기타연주.cpp">
      <Filter>소스 파일</Filter>
    </ClCompile>
    <ClCompile Include="11562백양로브레이크.cpp">
      <Filter>소스 파일</Filter>
    </ClCompile>
    <ClCompile Include="7453합이0인네정수.cpp">
      <Filter>소스 파일</Filter>
    </ClCompile>
    <ClCompile Include="2196이진수XOR.cpp">
      <Filter>소스 파일</Filter>
    </ClCompile>
    <ClCompile Include="1328고층빌딩.cpp">
      <Filter>소스 파일</Filter>
    </ClCompile>
    <ClCompile Include="2749피보나치수3.cpp">
      <Filter>소스 파일</Filter>
    </ClCompile>
    <ClCompile Include="11657타임머신.cpp">
      <Filter>소스 파일</Filter>
    </ClCompile>
    <ClCompile Include="1208부분집합의합2.cpp">
      <Filter>소스 파일</Filter>
    </ClCompile>
    <ClCompile Include="1744수묶기.cpp">
      <Filter>소스 파일</Filter>
    </ClCompile>
    <ClCompile Include="1300K번째수.cpp">
      <Filter>소스 파일</Filter>
    </ClCompile>
    <ClCompile Include="1869돌맹이제거.cpp">
      <Filter>소스 파일</Filter>
    </ClCompile>
    <ClCompile Include="11408열혈강호5.cpp">
      <Filter>소스 파일</Filter>
    </ClCompile>
    <ClCompile Include="1305광고.cpp">
      <Filter>소스 파일</Filter>
    </ClCompile>
    <ClCompile Include="7469k번째숫자.cpp">
      <Filter>소스 파일</Filter>
    </ClCompile>
    <ClCompile Include="10868최소값.cpp">
      <Filter>소스 파일</Filter>
    </ClCompile>
    <ClCompile Include="1321군인.cpp">
      <Filter>소스 파일</Filter>
    </ClCompile>
    <ClCompile Include="9345DVDs.cpp">
      <Filter>소스 파일</Filter>
    </ClCompile>
    <ClCompile Include="11505구간곱구하기.cpp">
      <Filter>소스 파일</Filter>
    </ClCompile>
    <ClCompile Include="5676음주코딩.cpp">
      <Filter>소스 파일</Filter>
    </ClCompile>
    <ClCompile Include="5419북서풍.cpp">
      <Filter>소스 파일</Filter>
    </ClCompile>
    <ClCompile Include="1849순열.cpp">
      <Filter>소스 파일</Filter>
    </ClCompile>
    <ClCompile Include="3653영화수집.cpp">
      <Filter>소스 파일</Filter>
    </ClCompile>
    <ClCompile Include="10999구간합구하기2.cpp">
      <Filter>소스 파일</Filter>
    </ClCompile>
    <ClCompile Include="2252줄세우기.cpp">
      <Filter>소스 파일</Filter>
    </ClCompile>
    <ClCompile Include="2150SCC코사라주.cpp">
      <Filter>소스 파일</Filter>
    </ClCompile>
    <ClCompile Include="5052전화번호목록.cpp">
      <Filter>소스 파일</Filter>
    </ClCompile>
    <ClCompile Include="11375열혈강호.cpp">
      <Filter>소스 파일</Filter>
    </ClCompile>
    <ClCompile Include="11376열혈강호2.cpp">
      <Filter>소스 파일</Filter>
    </ClCompile>
    <ClCompile Include="11377열혈강호3.cpp">
      <Filter>소스 파일</Filter>
    </ClCompile>
    <ClCompile Include="1671상어의저녁식사.cpp">
      <Filter>소스 파일</Filter>
    </ClCompile>
    <ClCompile Include="1037약수.cpp">
      <Filter>소스 파일</Filter>
    </ClCompile>
    <ClCompile Include="2740행렬의곱셈.cpp">
      <Filter>소스 파일</Filter>
    </ClCompile>
    <ClCompile Include="2525오븐시계.cpp">
      <Filter>소스 파일</Filter>
    </ClCompile>
    <ClCompile Include="2530인공지능시계.cpp">
      <Filter>소스 파일</Filter>
    </ClCompile>
    <ClCompile Include="2455지능형기차.cpp">
      <Filter>소스 파일</Filter>
    </ClCompile>
    <ClCompile Include="1673치킨쿠폰.cpp">
      <Filter>소스 파일</Filter>
    </ClCompile>
    <ClCompile Include="1408이십사.cpp">
      <Filter>소스 파일</Filter>
    </ClCompile>
    <ClCompile Include="1929소수구하기.cpp">
      <Filter>소스 파일</Filter>
    </ClCompile>
    <ClCompile Include="9494데구르르.cpp">
      <Filter>소스 파일</Filter>
    </ClCompile>
    <ClCompile Include="2747피보나치수.cpp">
      <Filter>소스 파일</Filter>
    </ClCompile>
    <ClCompile Include="1157단어공부.cpp">
      <Filter>소스 파일</Filter>
    </ClCompile>
    <ClCompile Include="1212팔진수이진수.cpp">
      <Filter>소스 파일</Filter>
    </ClCompile>
    <ClCompile Include="2456나는학급회장이다.cpp">
      <Filter>소스 파일</Filter>
    </ClCompile>
    <ClCompile Include="7572간지.cpp">
      <Filter>소스 파일</Filter>
    </ClCompile>
    <ClCompile Include="2669직사각형네개의.cpp">
      <Filter>소스 파일</Filter>
    </ClCompile>
    <ClCompile Include="2960에라토스테네스의체.cpp">
      <Filter>소스 파일</Filter>
    </ClCompile>
    <ClCompile Include="11070피타고라스기대값.cpp">
      <Filter>소스 파일</Filter>
    </ClCompile>
    <ClCompile Include="1475방번호.cpp">
      <Filter>소스 파일</Filter>
    </ClCompile>
    <ClCompile Include="2755이번학기평점은.cpp">
      <Filter>소스 파일</Filter>
    </ClCompile>
    <ClCompile Include="11659구간합구하기4.cpp">
      <Filter>소스 파일</Filter>
    </ClCompile>
    <ClCompile Include="10820문자열분석.cpp">
      <Filter>소스 파일</Filter>
    </ClCompile>
    <ClCompile Include="10824네수.cpp">
      <Filter>소스 파일</Filter>
    </ClCompile>
    <ClCompile Include="11365!밀비급일.cpp">
      <Filter>소스 파일</Filter>
    </ClCompile>
    <ClCompile Include="10808알파벳개수.cpp">
      <Filter>소스 파일</Filter>
    </ClCompile>
    <ClCompile Include="5637가장긴단어.cpp">
      <Filter>소스 파일</Filter>
    </ClCompile>
    <ClCompile Include="3059등장하지않는문자의합.cpp">
      <Filter>소스 파일</Filter>
    </ClCompile>
    <ClCompile Include="10757큰수A+B.cpp">
      <Filter>소스 파일</Filter>
    </ClCompile>
    <ClCompile Include="2703Cryptoquote.cpp">
      <Filter>소스 파일</Filter>
    </ClCompile>
    <ClCompile Include="1316그룹단어체커.cpp">
      <Filter>소스 파일</Filter>
    </ClCompile>
    <ClCompile Include="11575Affine Cipher.cpp">
      <Filter>소스 파일</Filter>
    </ClCompile>
    <ClCompile Include="11586지영공주님의마법거울.cpp">
      <Filter>소스 파일</Filter>
    </ClCompile>
    <ClCompile Include="1812사탕.cpp">
      <Filter>소스 파일</Filter>
    </ClCompile>
    <ClCompile Include="1550십육진수.cpp">
      <Filter>소스 파일</Filter>
    </ClCompile>
    <ClCompile Include="1002터렛.cpp">
      <Filter>소스 파일</Filter>
    </ClCompile>
    <ClCompile Include="1918후위표기식.cpp">
      <Filter>소스 파일</Filter>
    </ClCompile>
    <ClCompile Include="1966프린터큐.cpp">
      <Filter>소스 파일</Filter>
    </ClCompile>
    <ClCompile Include="2493탑.cpp">
      <Filter>소스 파일</Filter>
    </ClCompile>
    <ClCompile Include="1620포켓몬마스터이다솜.cpp">
      <Filter>소스 파일</Filter>
    </ClCompile>
    <ClCompile Include="2316도시왕복하기.cpp">
      <Filter>소스 파일</Filter>
    </ClCompile>
  </ItemGroup>
</Project>