<?xml version="1.0" encoding="utf-8"?>
<Project ToolsVersion="4.0" xmlns="http://schemas.microsoft.com/developer/msbuild/2003">
  <ItemGroup>
    <Filter Include="소스 파일">
      <UniqueIdentifier>{4FC737F1-C7A5-4376-A066-2A32D752A2FF}</UniqueIdentifier>
      <Extensions>cpp;c;cc;cxx;def;odl;idl;hpj;bat;asm;asmx</Extensions>
    </Filter>
    <Filter Include="리소스 파일">
      <UniqueIdentifier>{67DA6AB6-F800-4c08-8B7A-83BB121AAD01}</UniqueIdentifier>
      <Extensions>rc;ico;cur;bmp;dlg;rc2;rct;bin;rgs;gif;jpg;jpeg;jpe;resx;tiff;tif;png;wav;mfcribbon-ms</Extensions>
    </Filter>
    <Filter Include="헤더 파일">
      <UniqueIdentifier>{93995380-89BD-4b04-88EB-625FBE52EBFB}</UniqueIdentifier>
      <Extensions>h;hh;hpp;hxx;hm;inl;inc;xsd</Extensions>
    </Filter>
  </ItemGroup>
  <ItemGroup>
    <Text Include="output.txt">
      <Filter>리소스 파일</Filter>
    </Text>
    <Text Include="input.txt">
      <Filter>리소스 파일</Filter>
    </Text>
  </ItemGroup>
  <ItemGroup>
    <ClCompile Include="11729하노이탑.cpp">
      <Filter>소스 파일</Filter>
    </ClCompile>
    <ClCompile Include="4963.cpp">
      <Filter>소스 파일</Filter>
    </ClCompile>
    <ClCompile Include="4564.cpp">
      <Filter>소스 파일</Filter>
    </ClCompile>
    <ClCompile Include="3040.cpp">
      <Filter>소스 파일</Filter>
    </ClCompile>
    <ClCompile Include="5988.cpp">
      <Filter>소스 파일</Filter>
    </ClCompile>
    <ClCompile Include="10823.cpp">
      <Filter>소스 파일</Filter>
    </ClCompile>
    <ClCompile Include="3060.cpp">
      <Filter>소스 파일</Filter>
    </ClCompile>
    <ClCompile Include="1764.cpp">
      <Filter>소스 파일</Filter>
    </ClCompile>
    <ClCompile Include="2846.cpp">
      <Filter>소스 파일</Filter>
    </ClCompile>
    <ClCompile Include="4597.cpp">
      <Filter>소스 파일</Filter>
    </ClCompile>
    <ClCompile Include="11652카드.cpp">
      <Filter>소스 파일</Filter>
    </ClCompile>
    <ClCompile Include="10867중복빼고정렬.cpp">
      <Filter>소스 파일</Filter>
    </ClCompile>
    <ClCompile Include="11723집합.cpp">
      <Filter>소스 파일</Filter>
    </ClCompile>
    <ClCompile Include="10828.cpp">
      <Filter>소스 파일</Filter>
    </ClCompile>
    <ClCompile Include="9012.cpp">
      <Filter>소스 파일</Filter>
    </ClCompile>
    <ClCompile Include="2839.cpp">
      <Filter>소스 파일</Filter>
    </ClCompile>
    <ClCompile Include="3449.cpp">
      <Filter>소스 파일</Filter>
    </ClCompile>
    <ClCompile Include="1213ing.cpp">
      <Filter>소스 파일</Filter>
    </ClCompile>
    <ClCompile Include="9095.cpp">
      <Filter>소스 파일</Filter>
    </ClCompile>
    <ClCompile Include="1759.cpp">
      <Filter>소스 파일</Filter>
    </ClCompile>
    <ClCompile Include="10448.cpp">
      <Filter>소스 파일</Filter>
    </ClCompile>
    <ClCompile Include="2309.cpp">
      <Filter>소스 파일</Filter>
    </ClCompile>
    <ClCompile Include="11726.cpp">
      <Filter>소스 파일</Filter>
    </ClCompile>
    <ClCompile Include="9461.cpp">
      <Filter>소스 파일</Filter>
    </ClCompile>
    <ClCompile Include="2096.cpp">
      <Filter>소스 파일</Filter>
    </ClCompile>
    <ClCompile Include="9461(재귀).cpp">
      <Filter>소스 파일</Filter>
    </ClCompile>
    <ClCompile Include="11053.cpp">
      <Filter>소스 파일</Filter>
    </ClCompile>
    <ClCompile Include="9251.cpp">
      <Filter>소스 파일</Filter>
    </ClCompile>
    <ClCompile Include="wildcard.cpp">
      <Filter>소스 파일</Filter>
    </ClCompile>
    <ClCompile Include="11055.cpp">
      <Filter>소스 파일</Filter>
    </ClCompile>
    <ClCompile Include="11054ing.cpp">
      <Filter>소스 파일</Filter>
    </ClCompile>
    <ClCompile Include="1309동물원.cpp">
      <Filter>소스 파일</Filter>
    </ClCompile>
    <ClCompile Include="1965상자넣기.cpp">
      <Filter>소스 파일</Filter>
    </ClCompile>
    <ClCompile Include="1520내리막길.cpp">
      <Filter>소스 파일</Filter>
    </ClCompile>
    <ClCompile Include="2169로봇조종하기.cpp">
      <Filter>소스 파일</Filter>
    </ClCompile>
    <ClCompile Include="2631줄세우기.cpp">
      <Filter>소스 파일</Filter>
    </ClCompile>
    <ClCompile Include="2294동전2.cpp">
      <Filter>소스 파일</Filter>
    </ClCompile>
    <ClCompile Include="2293동전1.cpp">
      <Filter>소스 파일</Filter>
    </ClCompile>
    <ClCompile Include="2225합분해.cpp">
      <Filter>소스 파일</Filter>
    </ClCompile>
    <ClCompile Include="2624동전바꿔주기.cpp">
      <Filter>소스 파일</Filter>
    </ClCompile>
    <ClCompile Include="2240자두나무.cpp">
      <Filter>소스 파일</Filter>
    </ClCompile>
    <ClCompile Include="1417국회의원선거.cpp">
      <Filter>소스 파일</Filter>
    </ClCompile>
    <ClCompile Include="2804크로스워드만들기.cpp">
      <Filter>소스 파일</Filter>
    </ClCompile>
    <ClCompile Include="11052붕어빵판매하기.cpp">
      <Filter>소스 파일</Filter>
    </ClCompile>
    <ClCompile Include="2352반도체설계.cpp">
      <Filter>소스 파일</Filter>
    </ClCompile>
    <ClCompile Include="1946신입사원.cpp">
      <Filter>소스 파일</Filter>
    </ClCompile>
    <ClCompile Include="10610 30.cpp">
      <Filter>소스 파일</Filter>
    </ClCompile>
    <ClCompile Include="1202보석도둑.cpp">
      <Filter>소스 파일</Filter>
    </ClCompile>
    <ClCompile Include="1991트리순회.cpp">
      <Filter>소스 파일</Filter>
    </ClCompile>
    <ClCompile Include="1260DFS와BFS.cpp">
      <Filter>소스 파일</Filter>
    </ClCompile>
    <ClCompile Include="2263트리의순회.cpp">
      <Filter>소스 파일</Filter>
    </ClCompile>
    <ClCompile Include="2178미로탐색.cpp">
      <Filter>소스 파일</Filter>
    </ClCompile>
    <ClCompile Include="9327상근이의여행.cpp">
      <Filter>소스 파일</Filter>
    </ClCompile>
    <ClCompile Include="12784인하니카공화국.cpp">
      <Filter>소스 파일</Filter>
    </ClCompile>
    <ClCompile Include="2468안전영역.cpp">
      <Filter>소스 파일</Filter>
    </ClCompile>
    <ClCompile Include="2589보물섬.cpp">
      <Filter>소스 파일</Filter>
    </ClCompile>
    <ClCompile Include="2573빙산.cpp">
      <Filter>소스 파일</Filter>
    </ClCompile>
    <ClCompile Include="1697숨바꼭질.cpp">
      <Filter>소스 파일</Filter>
    </ClCompile>
    <ClCompile Include="2667단지번호붙이기.cpp">
      <Filter>소스 파일</Filter>
    </ClCompile>
    <ClCompile Include="7576토마토.cpp">
      <Filter>소스 파일</Filter>
    </ClCompile>
    <ClCompile Include="2259두더지잡기.cpp">
      <Filter>소스 파일</Filter>
    </ClCompile>
    <ClCompile Include="5909BaleShare.cpp">
      <Filter>소스 파일</Filter>
    </ClCompile>
    <ClCompile Include="2248이진수찾기.cpp">
      <Filter>소스 파일</Filter>
    </ClCompile>
    <ClCompile Include="1010다리놓기.cpp">
      <Filter>소스 파일</Filter>
    </ClCompile>
    <ClCompile Include="2172팰린드롬경로.cpp">
      <Filter>소스 파일</Filter>
    </ClCompile>
    <ClCompile Include="2638치즈.cpp">
      <Filter>소스 파일</Filter>
    </ClCompile>
    <ClCompile Include="2644촌수계산.cpp">
      <Filter>소스 파일</Filter>
    </ClCompile>
    <ClCompile Include="2357최소값과최대값.cpp">
      <Filter>소스 파일</Filter>
    </ClCompile>
    <ClCompile Include="2042구간합.cpp">
      <Filter>소스 파일</Filter>
    </ClCompile>
    <ClCompile Include="2231분해합.cpp">
      <Filter>소스 파일</Filter>
    </ClCompile>
    <ClCompile Include="2150SCC.cpp">
      <Filter>소스 파일</Filter>
    </ClCompile>
    <ClCompile Include="11437LCA.cpp">
      <Filter>소스 파일</Filter>
    </ClCompile>
    <ClCompile Include="1275커피숍2.cpp">
      <Filter>소스 파일</Filter>
    </ClCompile>
    <ClCompile Include="11277_2-SAT.cpp">
      <Filter>소스 파일</Filter>
    </ClCompile>
    <ClCompile Include="11278_2-SAT2.cpp">
      <Filter>소스 파일</Filter>
    </ClCompile>
    <ClCompile Include="10942팰린드롬.cpp">
      <Filter>소스 파일</Filter>
    </ClCompile>
    <ClCompile Include="1726로봇.cpp">
      <Filter>소스 파일</Filter>
    </ClCompile>
    <ClCompile Include="1717집합의표현.cpp">
      <Filter>소스 파일</Filter>
    </ClCompile>
    <ClCompile Include="3020개똥벌레.cpp">
      <Filter>소스 파일</Filter>
    </ClCompile>
    <ClCompile Include="3006터보소트.cpp">
      <Filter>소스 파일</Filter>
    </ClCompile>
    <ClCompile Include="2336굉장한학생.cpp">
      <Filter>소스 파일</Filter>
    </ClCompile>
    <ClCompile Include="12844XOR.cpp">
      <Filter>소스 파일</Filter>
    </ClCompile>
    <ClCompile Include="1395스위치.cpp">
      <Filter>소스 파일</Filter>
    </ClCompile>
    <ClCompile Include="1182부분집합의합.cpp">
      <Filter>소스 파일</Filter>
    </ClCompile>
    <ClCompile Include="11062카드게임.cpp">
      <Filter>소스 파일</Filter>
    </ClCompile>
    <ClCompile Include="10250ACM호텔.cpp">
      <Filter>소스 파일</Filter>
    </ClCompile>
    <ClCompile Include="11504돌림판.cpp">
      <Filter>소스 파일</Filter>
    </ClCompile>
    <ClCompile Include="1708볼록껍질.cpp">
      <Filter>소스 파일</Filter>
    </ClCompile>
    <ClCompile Include="1463일로만들기.cpp">
      <Filter>소스 파일</Filter>
    </ClCompile>
    <ClCompile Include="2666벽장문의이동.cpp">
      <Filter>소스 파일</Filter>
    </ClCompile>
    <ClCompile Include="1003피보나치함수.cpp">
      <Filter>소스 파일</Filter>
    </ClCompile>
    <ClCompile Include="2167이차원배열의합.cpp">
      <Filter>소스 파일</Filter>
    </ClCompile>
    <ClCompile Include="2579계단오르기.cpp">
      <Filter>소스 파일</Filter>
    </ClCompile>
    <ClCompile Include="2156포도주시식.cpp">
      <Filter>소스 파일</Filter>
    </ClCompile>
    <ClCompile Include="1874스택수열.cpp">
      <Filter>소스 파일</Filter>
    </ClCompile>
    <ClCompile Include="9465스티커.cpp">
      <Filter>소스 파일</Filter>
    </ClCompile>
    <ClCompile Include="1660캡틴이다솜.cpp">
      <Filter>소스 파일</Filter>
    </ClCompile>
    <ClCompile Include="1477휴게소세우기.cpp">
      <Filter>소스 파일</Filter>
    </ClCompile>
    <ClCompile Include="10978기숙사재배정.cpp">
      <Filter>소스 파일</Filter>
    </ClCompile>
    <ClCompile Include="1149RGB거리.cpp">
      <Filter>소스 파일</Filter>
    </ClCompile>
    <ClCompile Include="1922네트워크연결.cpp">
      <Filter>소스 파일</Filter>
    </ClCompile>
    <ClCompile Include="1185유럽여행.cpp">
      <Filter>소스 파일</Filter>
    </ClCompile>
    <ClCompile Include="11403경로찾기.cpp">
      <Filter>소스 파일</Filter>
    </ClCompile>
    <ClCompile Include="1786찾기.cpp">
      <Filter>소스 파일</Filter>
    </ClCompile>
    <ClCompile Include="1701Cubeditor.cpp">
      <Filter>소스 파일</Filter>
    </ClCompile>
    <ClCompile Include="6135CowHurdles.cpp">
      <Filter>소스 파일</Filter>
    </ClCompile>
    <ClCompile Include="1012유기농배추.cpp">
      <Filter>소스 파일</Filter>
    </ClCompile>
    <ClCompile Include="6086최대유량.cpp">
      <Filter>소스 파일</Filter>
    </ClCompile>
    <ClCompile Include="2841외계인의기타연주.cpp">
      <Filter>소스 파일</Filter>
    </ClCompile>
    <ClCompile Include="11562백양로브레이크.cpp">
      <Filter>소스 파일</Filter>
    </ClCompile>
    <ClCompile Include="7453합이0인네정수.cpp">
      <Filter>소스 파일</Filter>
    </ClCompile>
    <ClCompile Include="2196이진수XOR.cpp">
      <Filter>소스 파일</Filter>
    </ClCompile>
    <ClCompile Include="1328고층빌딩.cpp">
      <Filter>소스 파일</Filter>
    </ClCompile>
    <ClCompile Include="2749피보나치수3.cpp">
      <Filter>소스 파일</Filter>
    </ClCompile>
    <ClCompile Include="11657타임머신.cpp">
      <Filter>소스 파일</Filter>
    </ClCompile>
    <ClCompile Include="1208부분집합의합2.cpp">
      <Filter>소스 파일</Filter>
    </ClCompile>
    <ClCompile Include="1744수묶기.cpp">
      <Filter>소스 파일</Filter>
    </ClCompile>
    <ClCompile Include="1300K번째수.cpp">
      <Filter>소스 파일</Filter>
    </ClCompile>
    <ClCompile Include="1869돌맹이제거.cpp">
      <Filter>소스 파일</Filter>
    </ClCompile>
    <ClCompile Include="11408열혈강호5.cpp">
      <Filter>소스 파일</Filter>
    </ClCompile>
    <ClCompile Include="1305광고.cpp">
      <Filter>소스 파일</Filter>
    </ClCompile>
    <ClCompile Include="7469k번째숫자.cpp">
      <Filter>소스 파일</Filter>
    </ClCompile>
    <ClCompile Include="10868최소값.cpp">
      <Filter>소스 파일</Filter>
    </ClCompile>
    <ClCompile Include="1321군인.cpp">
      <Filter>소스 파일</Filter>
    </ClCompile>
    <ClCompile Include="9345DVDs.cpp">
      <Filter>소스 파일</Filter>
    </ClCompile>
    <ClCompile Include="11505구간곱구하기.cpp">
      <Filter>소스 파일</Filter>
    </ClCompile>
    <ClCompile Include="5676음주코딩.cpp">
      <Filter>소스 파일</Filter>
    </ClCompile>
    <ClCompile Include="5419북서풍.cpp">
      <Filter>소스 파일</Filter>
    </ClCompile>
    <ClCompile Include="1849순열.cpp">
      <Filter>소스 파일</Filter>
    </ClCompile>
    <ClCompile Include="3653영화수집.cpp">
      <Filter>소스 파일</Filter>
    </ClCompile>
    <ClCompile Include="10999구간합구하기2.cpp">
      <Filter>소스 파일</Filter>
    </ClCompile>
    <ClCompile Include="2252줄세우기.cpp">
      <Filter>소스 파일</Filter>
    </ClCompile>
    <ClCompile Include="2150SCC코사라주.cpp">
      <Filter>소스 파일</Filter>
    </ClCompile>
    <ClCompile Include="5052전화번호목록.cpp">
      <Filter>소스 파일</Filter>
    </ClCompile>
    <ClCompile Include="11375열혈강호.cpp">
      <Filter>소스 파일</Filter>
    </ClCompile>
    <ClCompile Include="11376열혈강호2.cpp">
      <Filter>소스 파일</Filter>
    </ClCompile>
    <ClCompile Include="11377열혈강호3.cpp">
      <Filter>소스 파일</Filter>
    </ClCompile>
    <ClCompile Include="1671상어의저녁식사.cpp">
      <Filter>소스 파일</Filter>
    </ClCompile>
    <ClCompile Include="1037약수.cpp">
      <Filter>소스 파일</Filter>
    </ClCompile>
    <ClCompile Include="2740행렬의곱셈.cpp">
      <Filter>소스 파일</Filter>
    </ClCompile>
    <ClCompile Include="2525오븐시계.cpp">
      <Filter>소스 파일</Filter>
    </ClCompile>
    <ClCompile Include="2530인공지능시계.cpp">
      <Filter>소스 파일</Filter>
    </ClCompile>
    <ClCompile Include="2455지능형기차.cpp">
      <Filter>소스 파일</Filter>
    </ClCompile>
    <ClCompile Include="1673치킨쿠폰.cpp">
      <Filter>소스 파일</Filter>
    </ClCompile>
    <ClCompile Include="1408이십사.cpp">
      <Filter>소스 파일</Filter>
    </ClCompile>
    <ClCompile Include="1929소수구하기.cpp">
      <Filter>소스 파일</Filter>
    </ClCompile>
    <ClCompile Include="9494데구르르.cpp">
      <Filter>소스 파일</Filter>
    </ClCompile>
    <ClCompile Include="2747피보나치수.cpp">
      <Filter>소스 파일</Filter>
    </ClCompile>
    <ClCompile Include="1157단어공부.cpp">
      <Filter>소스 파일</Filter>
    </ClCompile>
    <ClCompile Include="1212팔진수이진수.cpp">
      <Filter>소스 파일</Filter>
    </ClCompile>
    <ClCompile Include="2456나는학급회장이다.cpp">
      <Filter>소스 파일</Filter>
    </ClCompile>
    <ClCompile Include="7572간지.cpp">
      <Filter>소스 파일</Filter>
    </ClCompile>
    <ClCompile Include="2669직사각형네개의.cpp">
      <Filter>소스 파일</Filter>
    </ClCompile>
    <ClCompile Include="2960에라토스테네스의체.cpp">
      <Filter>소스 파일</Filter>
    </ClCompile>
    <ClCompile Include="11070피타고라스기대값.cpp">
      <Filter>소스 파일</Filter>
    </ClCompile>
    <ClCompile Include="1475방번호.cpp">
      <Filter>소스 파일</Filter>
    </ClCompile>
    <ClCompile Include="2755이번학기평점은.cpp">
      <Filter>소스 파일</Filter>
    </ClCompile>
    <ClCompile Include="11659구간합구하기4.cpp">
      <Filter>소스 파일</Filter>
    </ClCompile>
    <ClCompile Include="10820문자열분석.cpp">
      <Filter>소스 파일</Filter>
    </ClCompile>
    <ClCompile Include="10824네수.cpp">
      <Filter>소스 파일</Filter>
    </ClCompile>
    <ClCompile Include="11365!밀비급일.cpp">
      <Filter>소스 파일</Filter>
    </ClCompile>
    <ClCompile Include="10808알파벳개수.cpp">
      <Filter>소스 파일</Filter>
    </ClCompile>
    <ClCompile Include="5637가장긴단어.cpp">
      <Filter>소스 파일</Filter>
    </ClCompile>
    <ClCompile Include="3059등장하지않는문자의합.cpp">
      <Filter>소스 파일</Filter>
    </ClCompile>
    <ClCompile Include="10757큰수A+B.cpp">
      <Filter>소스 파일</Filter>
    </ClCompile>
    <ClCompile Include="2703Cryptoquote.cpp">
      <Filter>소스 파일</Filter>
    </ClCompile>
    <ClCompile Include="1316그룹단어체커.cpp">
      <Filter>소스 파일</Filter>
    </ClCompile>
    <ClCompile Include="11575Affine Cipher.cpp">
      <Filter>소스 파일</Filter>
    </ClCompile>
    <ClCompile Include="11586지영공주님의마법거울.cpp">
      <Filter>소스 파일</Filter>
    </ClCompile>
    <ClCompile Include="1812사탕.cpp">
      <Filter>소스 파일</Filter>
    </ClCompile>
    <ClCompile Include="1550십육진수.cpp">
      <Filter>소스 파일</Filter>
    </ClCompile>
    <ClCompile Include="1002터렛.cpp">
      <Filter>소스 파일</Filter>
    </ClCompile>
    <ClCompile Include="1918후위표기식.cpp">
      <Filter>소스 파일</Filter>
    </ClCompile>
    <ClCompile Include="1966프린터큐.cpp">
      <Filter>소스 파일</Filter>
    </ClCompile>
    <ClCompile Include="2493탑.cpp">
      <Filter>소스 파일</Filter>
    </ClCompile>
    <ClCompile Include="1620포켓몬마스터이다솜.cpp">
      <Filter>소스 파일</Filter>
    </ClCompile>
    <ClCompile Include="2316도시왕복하기.cpp">
      <Filter>소스 파일</Filter>
    </ClCompile>
    <ClCompile Include="2739구구단.cpp">
      <Filter>소스 파일</Filter>
    </ClCompile>
    <ClCompile Include="8393합.cpp">
      <Filter>소스 파일</Filter>
    </ClCompile>
    <ClCompile Include="10430나머지.cpp">
      <Filter>소스 파일</Filter>
    </ClCompile>
    <ClCompile Include="1924이천칠년.cpp">
      <Filter>소스 파일</Filter>
    </ClCompile>
    <ClCompile Include="1110더하기사이클.cpp">
      <Filter>소스 파일</Filter>
    </ClCompile>
    <ClCompile Include="1026보물.cpp">
      <Filter>소스 파일</Filter>
    </ClCompile>
    <ClCompile Include="1978소수찾기.cpp">
      <Filter>소스 파일</Filter>
    </ClCompile>
    <ClCompile Include="1934최소공배수.cpp">
      <Filter>소스 파일</Filter>
    </ClCompile>
    <ClCompile Include="1920수찾기.cpp">
      <Filter>소스 파일</Filter>
    </ClCompile>
    <ClCompile Include="1032명령프롬프트.cpp">
      <Filter>소스 파일</Filter>
    </ClCompile>
    <ClCompile Include="1912연속합.cpp">
      <Filter>소스 파일</Filter>
    </ClCompile>
    <ClCompile Include="2606바이러스.cpp">
      <Filter>소스 파일</Filter>
    </ClCompile>
    <ClCompile Include="1420학교가지마ing.cpp">
      <Filter>소스 파일</Filter>
    </ClCompile>
    <ClCompile Include="5398틀렸습니다.cpp">
      <Filter>소스 파일</Filter>
    </ClCompile>
    <ClCompile Include="11670초등수학.cpp">
      <Filter>소스 파일</Filter>
    </ClCompile>
    <ClCompile Include="11014컨닝2.cpp">
      <Filter>소스 파일</Filter>
    </ClCompile>
    <ClCompile Include="fancake2.cpp">
      <Filter>소스 파일</Filter>
    </ClCompile>
    <ClCompile Include="bitgame.cpp">
      <Filter>소스 파일</Filter>
    </ClCompile>
    <ClCompile Include="fancake.cpp">
      <Filter>소스 파일</Filter>
    </ClCompile>
    <ClCompile Include="11407책구매하기3.cpp">
      <Filter>소스 파일</Filter>
    </ClCompile>
    <ClCompile Include="11409열혈강호6.cpp">
      <Filter>소스 파일</Filter>
    </ClCompile>
    <ClCompile Include="4716풍선.cpp">
      <Filter>소스 파일</Filter>
    </ClCompile>
    <ClCompile Include="2311왕복여행.cpp">
      <Filter>소스 파일</Filter>
    </ClCompile>
    <ClCompile Include="1585경찰.cpp">
      <Filter>소스 파일</Filter>
    </ClCompile>
    <ClCompile Include="11111두부장수장홍준2.cpp">
      <Filter>소스 파일</Filter>
    </ClCompile>
    <ClCompile Include="10973두부모판자르기.cpp">
      <Filter>소스 파일</Filter>
    </ClCompile>
    <ClCompile Include="11410칙칙폭폭.cpp">
      <Filter>소스 파일</Filter>
    </ClCompile>
    <ClCompile Include="9413제주도관광.cpp">
      <Filter>소스 파일</Filter>
    </ClCompile>
    <ClCompile Include="3640제독.cpp">
      <Filter>소스 파일</Filter>
    </ClCompile>
    <ClCompile Include="8992집기게임.cpp">
      <Filter>소스 파일</Filter>
    </ClCompile>
    <ClCompile Include="11493동전교환.cpp">
      <Filter>소스 파일</Filter>
    </ClCompile>
    <ClCompile Include="3980선발명단.cpp">
      <Filter>소스 파일</Filter>
    </ClCompile>
    <ClCompile Include="1650지민이의테러시즌2.cpp">
      <Filter>소스 파일</Filter>
    </ClCompile>
    <ClCompile Include="10825국영수.cpp">
      <Filter>소스 파일</Filter>
    </ClCompile>
    <ClCompile Include="capital.cpp">
      <Filter>소스 파일</Filter>
    </ClCompile>
    <ClCompile Include="singer.cpp">
      <Filter>소스 파일</Filter>
    </ClCompile>
    <ClCompile Include="4564숫자카드놀이.cpp">
      <Filter>소스 파일</Filter>
    </ClCompile>
    <ClCompile Include="hanoi.cpp">
      <Filter>소스 파일</Filter>
    </ClCompile>
    <ClCompile Include="broad.cpp">
      <Filter>소스 파일</Filter>
    </ClCompile>
    <ClCompile Include="card_combination.cpp">
      <Filter>소스 파일</Filter>
    </ClCompile>
    <ClCompile Include="cardgame.cpp">
      <Filter>소스 파일</Filter>
    </ClCompile>
    <ClCompile Include="2504괄호의값.cpp">
      <Filter>소스 파일</Filter>
    </ClCompile>
    <ClCompile Include="12789도키도키간식드리미.cpp">
      <Filter>소스 파일</Filter>
    </ClCompile>
    <ClCompile Include="fingerprint.cpp">
      <Filter>소스 파일</Filter>
    </ClCompile>
    <ClCompile Include="1test.cpp">
      <Filter>소스 파일</Filter>
    </ClCompile>
    <ClCompile Include="multiplicationGame.cpp">
      <Filter>소스 파일</Filter>
    </ClCompile>
    <ClCompile Include="12779상품is뭔들.cpp">
      <Filter>소스 파일</Filter>
    </ClCompile>
    <ClCompile Include="12781PIZZAALVOLOC.cpp">
      <Filter>소스 파일</Filter>
    </ClCompile>
    <ClCompile Include="13304방배정.cpp">
      <Filter>소스 파일</Filter>
    </ClCompile>
    <ClCompile Include="13305주유소.cpp">
      <Filter>소스 파일</Filter>
    </ClCompile>
    <ClCompile Include="13306트리.cpp">
      <Filter>소스 파일</Filter>
    </ClCompile>
    <ClCompile Include="6091핑크플로이드.cpp">
      <Filter>소스 파일</Filter>
    </ClCompile>
    <ClCompile Include="11724연결요소의개수.cpp">
      <Filter>소스 파일</Filter>
    </ClCompile>
    <ClCompile Include="1753최단경로.cpp">
      <Filter>소스 파일</Filter>
    </ClCompile>
    <ClCompile Include="1916최소비용구하기.cpp">
      <Filter>소스 파일</Filter>
    </ClCompile>
    <ClCompile Include="camera.cpp">
      <Filter>소스 파일</Filter>
    </ClCompile>
    <ClCompile Include="12786INHASUIT.cpp">
      <Filter>소스 파일</Filter>
    </ClCompile>
    <ClCompile Include="10815숫자카드.cpp">
      <Filter>소스 파일</Filter>
    </ClCompile>
    <ClCompile Include="2583영역구하기.cpp">
      <Filter>소스 파일</Filter>
    </ClCompile>
    <ClCompile Include="11057오르막수.cpp">
      <Filter>소스 파일</Filter>
    </ClCompile>
    <ClCompile Include="10844쉬운계단수.cpp">
      <Filter>소스 파일</Filter>
    </ClCompile>
    <ClCompile Include="11727타일링2.cpp">
      <Filter>소스 파일</Filter>
    </ClCompile>
    <ClCompile Include="11048이동하기.cpp">
      <Filter>소스 파일</Filter>
    </ClCompile>
    <ClCompile Include="2133타일채우기.cpp">
      <Filter>소스 파일</Filter>
    </ClCompile>
    <ClCompile Include="ladder.cpp">
      <Filter>소스 파일</Filter>
    </ClCompile>
    <ClCompile Include="travel.cpp">
      <Filter>소스 파일</Filter>
    </ClCompile>
    <ClCompile Include="1932숫자삼각형.cpp">
      <Filter>소스 파일</Filter>
    </ClCompile>
    <ClCompile Include="order.cpp">
      <Filter>소스 파일</Filter>
    </ClCompile>
    <ClCompile Include="probe.cpp">
      <Filter>소스 파일</Filter>
    </ClCompile>
    <ClCompile Include="memory_manager.cpp">
      <Filter>소스 파일</Filter>
    </ClCompile>
    <ClCompile Include="balloon.cpp">
      <Filter>소스 파일</Filter>
    </ClCompile>
    <ClCompile Include="segment.cpp">
      <Filter>소스 파일</Filter>
    </ClCompile>
    <ClCompile Include="1test2.cpp">
      <Filter>소스 파일</Filter>
    </ClCompile>
    <ClCompile Include="1238파티.cpp">
      <Filter>소스 파일</Filter>
    </ClCompile>
    <ClCompile Include="4485녹색옷을입은애가젤다지.cpp">
      <Filter>소스 파일</Filter>
    </ClCompile>
    <ClCompile Include="1743음식물피하기.cpp">
      <Filter>소스 파일</Filter>
    </ClCompile>
    <ClCompile Include="1504특정한최단경로.cpp">
      <Filter>소스 파일</Filter>
    </ClCompile>
    <ClCompile Include="14431소수마을.cpp">
      <Filter>소스 파일</Filter>
    </ClCompile>
    <ClCompile Include="13911집구하기.cpp">
      <Filter>소스 파일</Filter>
    </ClCompile>
    <ClCompile Include="1261알고스팟.cpp">
      <Filter>소스 파일</Filter>
    </ClCompile>
    <ClCompile Include="10282해킹.cpp">
      <Filter>소스 파일</Filter>
    </ClCompile>
    <ClCompile Include="14630변신로봇.cpp">
      <Filter>소스 파일</Filter>
    </ClCompile>
    <ClCompile Include="12026BOJ거리.cpp">
      <Filter>소스 파일</Filter>
    </ClCompile>
    <ClCompile Include="2307도로검문.cpp">
      <Filter>소스 파일</Filter>
    </ClCompile>
    <ClCompile Include="1162도로포장.cpp">
      <Filter>소스 파일</Filter>
    </ClCompile>
    <ClCompile Include="11404플로이드.cpp">
      <Filter>소스 파일</Filter>
    </ClCompile>
    <ClCompile Include="1389케빈베이컨의6단계법칙.cpp">
      <Filter>소스 파일</Filter>
    </ClCompile>
    <ClCompile Include="2660회장뽑기.cpp">
      <Filter>소스 파일</Filter>
    </ClCompile>
    <ClCompile Include="11265끝나지않는파티.cpp">
      <Filter>소스 파일</Filter>
    </ClCompile>
    <ClCompile Include="2458키순서.cpp">
      <Filter>소스 파일</Filter>
    </ClCompile>
    <ClCompile Include="9205맥주마시면서걸어가기.cpp">
      <Filter>소스 파일</Filter>
    </ClCompile>
    <ClCompile Include="11708플로이드2.cpp">
      <Filter>소스 파일</Filter>
    </ClCompile>
    <ClCompile Include="12763지각하면안돼.cpp">
      <Filter>소스 파일</Filter>
    </ClCompile>
    <ClCompile Include="13913숨바꼭질4.cpp">
      <Filter>소스 파일</Filter>
    </ClCompile>
    <ClCompile Include="5719거의최단경로.cpp">
      <Filter>소스 파일</Filter>
    </ClCompile>
    <ClCompile Include="9370미확인도착지.cpp">
      <Filter>소스 파일</Filter>
    </ClCompile>
    <ClCompile Include="12015가장긴증가하는부분수열2.cpp">
      <Filter>소스 파일</Filter>
    </ClCompile>
    <ClCompile Include="4195친구네트워크.cpp">
      <Filter>소스 파일</Filter>
    </ClCompile>
    <ClCompile Include="1976여행가자.cpp">
      <Filter>소스 파일</Filter>
    </ClCompile>
    <ClCompile Include="9938방청소.cpp">
      <Filter>소스 파일</Filter>
    </ClCompile>
    <ClCompile Include="10775공항.cpp">
      <Filter>소스 파일</Filter>
    </ClCompile>
    <ClCompile Include="3780네트워크연결.cpp">
      <Filter>소스 파일</Filter>
    </ClCompile>
    <ClCompile Include="1197최소스패닝트리.cpp">
      <Filter>소스 파일</Filter>
    </ClCompile>
    <ClCompile Include="1647도시분할계획.cpp">
      <Filter>소스 파일</Filter>
    </ClCompile>
    <ClCompile Include="2887행성터널.cpp">
      <Filter>소스 파일</Filter>
    </ClCompile>
    <ClCompile Include="2211네트워크복구.cpp">
      <Filter>소스 파일</Filter>
    </ClCompile>
    <ClCompile Include="1944복제로봇.cpp">
      <Filter>소스 파일</Filter>
    </ClCompile>
    <ClCompile Include="1766문제집.cpp">
      <Filter>소스 파일</Filter>
    </ClCompile>
    <ClCompile Include="2623음악프로그램.cpp">
      <Filter>소스 파일</Filter>
    </ClCompile>
    <ClCompile Include="1516게임개발.cpp">
      <Filter>소스 파일</Filter>
    </ClCompile>
    <ClCompile Include="1005AcmCraft.cpp">
      <Filter>소스 파일</Filter>
    </ClCompile>
    <ClCompile Include="2805나무자르기.cpp">
      <Filter>소스 파일</Filter>
    </ClCompile>
    <ClCompile Include="2343기타레슨.cpp">
      <Filter>소스 파일</Filter>
    </ClCompile>
    <ClCompile Include="6236용돈관리.cpp">
      <Filter>소스 파일</Filter>
    </ClCompile>
    <ClCompile Include="1654랜선자르기.cpp">
      <Filter>소스 파일</Filter>
    </ClCompile>
    <ClCompile Include="2110공유기설치.cpp">
      <Filter>소스 파일</Filter>
    </ClCompile>
    <ClCompile Include="2512예산.cpp">
      <Filter>소스 파일</Filter>
    </ClCompile>
    <ClCompile Include="9470Strahler순서.cpp">
      <Filter>소스 파일</Filter>
    </ClCompile>
    <ClCompile Include="2637장난감조립.cpp">
      <Filter>소스 파일</Filter>
    </ClCompile>
    <ClCompile Include="3665최종순위.cpp">
      <Filter>소스 파일</Filter>
    </ClCompile>
    <ClCompile Include="4196도미노.cpp">
      <Filter>소스 파일</Filter>
    </ClCompile>
    <ClCompile Include="6543The Bottom of a Graph.cpp">
      <Filter>소스 파일</Filter>
    </ClCompile>
    <ClCompile Include="3977축구전술.cpp">
      <Filter>소스 파일</Filter>
    </ClCompile>
    <ClCompile Include="2152여행계획세우기.cpp">
      <Filter>소스 파일</Filter>
    </ClCompile>
    <ClCompile Include="14438수열과쿼리17.cpp">
      <Filter>소스 파일</Filter>
    </ClCompile>
    <ClCompile Include="2243사탕상자.cpp">
      <Filter>소스 파일</Filter>
    </ClCompile>
    <ClCompile Include="1777순열복원.cpp">
      <Filter>소스 파일</Filter>
    </ClCompile>
    <ClCompile Include="2465줄세우기.cpp">
      <Filter>소스 파일</Filter>
    </ClCompile>
  </ItemGroup>
</Project>